# THIS IS AN AUTOGENERATED FILE. DO NOT EDIT THIS FILE DIRECTLY.
# yarn lockfile v1


"@types/echarts@^4.9.11":
  version "4.9.11"
  resolved "https://registry.npmmirror.com/@types/echarts/download/@types/echarts-4.9.11.tgz#556817b23c7ef575708c43380108802121e10599"
  integrity sha1-VWgXsjx+9XVwjEM4AQiAISHhBZk=
  dependencies:
    "@types/zrender" "*"

"@types/zrender@*":
  version "4.0.1"
  resolved "https://registry.nlark.com/@types/zrender/download/@types/zrender-4.0.1.tgz?cache=0&sync_timestamp=1629608722862&other_urls=https%3A%2F%2Fregistry.nlark.com%2F%40types%2Fzrender%2Fdownload%2F%40types%2Fzrender-4.0.1.tgz#6280c40207927ce086be24b4391d668cd330e956"
  integrity sha1-YoDEAgeSfOCGviS0OR1mjNMw6VY=

echarts@^5.2.2:
  version "5.2.2"
  resolved "https://registry.npmmirror.com/echarts/download/echarts-5.2.2.tgz#ec3c8b2a151cbba71ba3c2c7cf9b2f2047ce4370"
  integrity sha1-7DyLKhUcu6cbo8LHz5svIEfOQ3A=
  dependencies:
    tslib "2.3.0"
    zrender "5.2.1"

tslib@2.3.0:
  version "2.3.0"
  resolved "https://registry.nlark.com/tslib/download/tslib-2.3.0.tgz?cache=0&sync_timestamp=1628722556410&other_urls=https%3A%2F%2Fregistry.nlark.com%2Ftslib%2Fdownload%2Ftslib-2.3.0.tgz#803b8cdab3e12ba581a4ca41c8839bbb0dacb09e"
  integrity sha1-gDuM2rPhK6WBpMpByIObuw2ssJ4=

zrender@5.2.1:
  version "5.2.1"
  resolved "https://registry.nlark.com/zrender/download/zrender-5.2.1.tgz#5f4bbda915ba6d412b0b19dc2431beaad05417bb"
  integrity sha1-X0u9qRW6bUErCxncJDG+qtBUF7s=
  dependencies:
    tslib "2.3.0"
